
Microsoft Visual Studio Solution File, Format Version 12.00
# Visual Studio Version 17
VisualStudioVersion = 17.7.34031.279
MinimumVisualStudioVersion = 10.0.40219.1
Project("{FAE04EC0-301F-11D3-BF4B-00C04F79EFBC}") = "MedicalPrac", "MedicalPrac\MedicalPrac.csproj", "{4BF198F5-0A03-4BCC-903C-D2F97A3FF773}"
EndProject
Global
	GlobalSection(SolutionConfigurationPlatforms) = preSolution
		Debug|Any CPU = Debug|Any CPU
		Release|Any CPU = Release|Any CPU
	EndGlobalSection
	GlobalSection(ProjectConfigurationPlatforms) = postSolution
		{4BF198F5-0A03-4BCC-903C-D2F97A3FF773}.Debug|Any CPU.ActiveCfg = Debug|Any CPU
		{4BF198F5-0A03-4BCC-903C-D2F97A3FF773}.Debug|Any CPU.Build.0 = Debug|Any CPU
		{4BF198F5-0A03-4BCC-903C-D2F97A3FF773}.Debug|Any CPU.Deploy.0 = Debug|Any CPU
		{4BF198F5-0A03-4BCC-903C-D2F97A3FF773}.Release|Any CPU.ActiveCfg = Release|Any CPU
		{4BF198F5-0A03-4BCC-903C-D2F97A3FF773}.Release|Any CPU.Build.0 = Release|Any CPU
		{4BF198F5-0A03-4BCC-903C-D2F97A3FF773}.Release|Any CPU.Deploy.0 = Release|Any CPU
	EndGlobalSection
	GlobalSection(SolutionProperties) = preSolution
		HideSolutionNode = FALSE
	EndGlobalSection
	GlobalSection(ExtensibilityGlobals) = postSolution
		SolutionGuid = {6950FEA0-56C8-49CD-9B45-187D6AA9DF47}
	EndGlobalSection
EndGlobal
